// !$*UTF8*$!
{
	archiveVersion = 1;
	classes = {
	};
	objectVersion = 46;
	objects = {

/* Begin PBXBuildFile section */
		D54A904A1AD5FA3B00528425 /* AppDelegate.swift in Sources */ = {isa = PBXBuildFile; fileRef = D54A90491AD5FA3B00528425 /* AppDelegate.swift */; };
		D54A904C1AD5FA3B00528425 /* ViewController.swift in Sources */ = {isa = PBXBuildFile; fileRef = D54A904B1AD5FA3B00528425 /* ViewController.swift */; };
		D54A904F1AD5FA3B00528425 /* Main.storyboard in Resources */ = {isa = PBXBuildFile; fileRef = D54A904D1AD5FA3B00528425 /* Main.storyboard */; };
		D54A90511AD5FA3B00528425 /* Images.xcassets in Resources */ = {isa = PBXBuildFile; fileRef = D54A90501AD5FA3B00528425 /* Images.xcassets */; };
		D54A90541AD5FA3B00528425 /* LaunchScreen.xib in Resources */ = {isa = PBXBuildFile; fileRef = D54A90521AD5FA3B00528425 /* LaunchScreen.xib */; };
		D54A90601AD5FA3B00528425 /* Trash_TimeTests.swift in Sources */ = {isa = PBXBuildFile; fileRef = D54A905F1AD5FA3B00528425 /* Trash_TimeTests.swift */; };
/* End PBXBuildFile section */

/* Begin PBXContainerItemProxy section */
		D54A905A1AD5FA3B00528425 /* PBXContainerItemProxy */ = {
			isa = PBXContainerItemProxy;
			containerPortal = D54A903C1AD5FA3B00528425 /* Project object */;
			proxyType = 1;
			remoteGlobalIDString = D54A90431AD5FA3B00528425;
			remoteInfo = "Trash Time";
		};
/* End PBXContainerItemProxy section */

/* Begin PBXFileReference section */
		D54A90441AD5FA3B00528425 /* Trash Time.app */ = {isa = PBXFileReference; explicitFileType = wrapper.application; includeInIndex = 0; path = "Trash Time.app"; sourceTree = BUILT_PRODUCTS_DIR; };
		D54A90481AD5FA3B00528425 /* Info.plist */ = {isa = PBXFileReference; lastKnownFileType = text.plist.xml; path = Info.plist; sourceTree = "<group>"; };
		D54A90491AD5FA3B00528425 /* AppDelegate.swift */ = {isa = PBXFileReference; lastKnownFileType = sourcecode.swift; path = AppDelegate.swift; sourceTree = "<group>"; };
		D54A904B1AD5FA3B00528425 /* ViewController.swift */ = {isa = PBXFileReference; lastKnownFileType = sourcecode.swift; path = ViewController.swift; sourceTree = "<group>"; };
		D54A904E1AD5FA3B00528425 /* Base */ = {isa = PBXFileReference; lastKnownFileType = file.storyboard; name = Base; path = Base.lproj/Main.storyboard; sourceTree = "<group>"; };
		D54A90501AD5FA3B00528425 /* Images.xcassets */ = {isa = PBXFileReference; lastKnownFileType = folder.assetcatalog; path = Images.xcassets; sourceTree = "<group>"; };
		D54A90531AD5FA3B00528425 /* Base */ = {isa = PBXFileReference; lastKnownFileType = file.xib; name = Base; path = Base.lproj/LaunchScreen.xib; sourceTree = "<group>"; };
		D54A90591AD5FA3B00528425 /* Trash TimeTests.xctest */ = {isa = PBXFileReference; explicitFileType = wrapper.cfbundle; includeInIndex = 0; path = "Trash TimeTests.xctest"; sourceTree = BUILT_PRODUCTS_DIR; };
		D54A905E1AD5FA3B00528425 /* Info.plist */ = {isa = PBXFileReference; lastKnownFileType = text.plist.xml; path = Info.plist; sourceTree = "<group>"; };
		D54A905F1AD5FA3B00528425 /* Trash_TimeTests.swift */ = {isa = PBXFileReference; lastKnownFileType = sourcecode.swift; path = Trash_TimeTests.swift; sourceTree = "<group>"; };
/* End PBXFileReference section */

/* Begin PBXFrameworksBuildPhase section */
		D54A90411AD5FA3B00528425 /* Frameworks */ = {
			isa = PBXFrameworksBuildPhase;
			buildActionMask = 2147483647;
			files = (
			);
			runOnlyForDeploymentPostprocessing = 0;
		};
		D54A90561AD5FA3B00528425 /* Frameworks */ = {
			isa = PBXFrameworksBuildPhase;
			buildActionMask = 2147483647;
			files = (
			);
			runOnlyForDeploymentPostprocessing = 0;
		};
/* End PBXFrameworksBuildPhase section */

/* Begin PBXGroup section */
		D54A903B1AD5FA3B00528425 = {
			isa = PBXGroup;
			children = (
				D54A90461AD5FA3B00528425 /* Trash Time */,
				D54A905C1AD5FA3B00528425 /* Trash TimeTests */,
				D54A90451AD5FA3B00528425 /* Products */,
			);
			sourceTree = "<group>";
		};
		D54A90451AD5FA3B00528425 /* Products */ = {
			isa = PBXGroup;
			children = (
				D54A90441AD5FA3B00528425 /* Trash Time.app */,
				D54A90591AD5FA3B00528425 /* Trash TimeTests.xctest */,
			);
			name = Products;
			sourceTree = "<group>";
		};
		D54A90461AD5FA3B00528425 /* Trash Time */ = {
			isa = PBXGroup;
			children = (
				D54A90491AD5FA3B00528425 /* AppDelegate.swift */,
				D54A904B1AD5FA3B00528425 /* ViewController.swift */,
				D54A904D1AD5FA3B00528425 /* Main.storyboard */,
				D54A90501AD5FA3B00528425 /* Images.xcassets */,
				D54A90521AD5FA3B00528425 /* LaunchScreen.xib */,
				D54A90471AD5FA3B00528425 /* Supporting Files */,
			);
			path = "Trash Time";
			sourceTree = "<group>";
		};
		D54A90471AD5FA3B00528425 /* Supporting Files */ = {
			isa = PBXGroup;
			children = (
				D54A90481AD5FA3B00528425 /* Info.plist */,
			);
			name = "Supporting Files";
			sourceTree = "<group>";
		};
		D54A905C1AD5FA3B00528425 /* Trash TimeTests */ = {
			isa = PBXGroup;
			children = (
				D54A905F1AD5FA3B00528425 /* Trash_TimeTests.swift */,
				D54A905D1AD5FA3B00528425 /* Supporting Files */,
			);
			path = "Trash TimeTests";
			sourceTree = "<group>";
		};
		D54A905D1AD5FA3B00528425 /* Supporting Files */ = {
			isa = PBXGroup;
			children = (
				D54A905E1AD5FA3B00528425 /* Info.plist */,
			);
			name = "Supporting Files";
			sourceTree = "<group>";
		};
/* End PBXGroup section */

/* Begin PBXNativeTarget section */
		D54A90431AD5FA3B00528425 /* Trash Time */ = {
			isa = PBXNativeTarget;
			buildConfigurationList = D54A90631AD5FA3B00528425 /* Build configuration list for PBXNativeTarget "Trash Time" */;
			buildPhases = (
				D54A90401AD5FA3B00528425 /* Sources */,
				D54A90411AD5FA3B00528425 /* Frameworks */,
				D54A90421AD5FA3B00528425 /* Resources */,
			);
			buildRules = (
			);
			dependencies = (
			);
			name = "Trash Time";
			productName = "Trash Time";
			productReference = D54A90441AD5FA3B00528425 /* Trash Time.app */;
			productType = "com.apple.product-type.application";
		};
		D54A90581AD5FA3B00528425 /* Trash TimeTests */ = {
			isa = PBXNativeTarget;
			buildConfigurationList = D54A90661AD5FA3B00528425 /* Build configuration list for PBXNativeTarget "Trash TimeTests" */;
			buildPhases = (
				D54A90551AD5FA3B00528425 /* Sources */,
				D54A90561AD5FA3B00528425 /* Frameworks */,
				D54A90571AD5FA3B00528425 /* Resources */,
			);
			buildRules = (
			);
			dependencies = (
				D54A905B1AD5FA3B00528425 /* PBXTargetDependency */,
			);
			name = "Trash TimeTests";
			productName = "Trash TimeTests";
			productReference = D54A90591AD5FA3B00528425 /* Trash TimeTests.xctest */;
			productType = "com.apple.product-type.bundle.unit-test";
		};
/* End PBXNativeTarget section */

/* Begin PBXProject section */
		D54A903C1AD5FA3B00528425 /* Project object */ = {
			isa = PBXProject;
			attributes = {
				LastUpgradeCheck = 0630;
				ORGANIZATIONNAME = "Simple Ink";
				TargetAttributes = {
					D54A90431AD5FA3B00528425 = {
						CreatedOnToolsVersion = 6.3;
					};
					D54A90581AD5FA3B00528425 = {
						CreatedOnToolsVersion = 6.3;
						TestTargetID = D54A90431AD5FA3B00528425;
					};
				};
			};
			buildConfigurationList = D54A903F1AD5FA3B00528425 /* Build configuration list for PBXProject "Trash Time" */;
			compatibilityVersion = "Xcode 3.2";
			developmentRegion = English;
			hasScannedForEncodings = 0;
			knownRegions = (
				en,
				Base,
			);
			mainGroup = D54A903B1AD5FA3B00528425;
			productRefGroup = D54A90451AD5FA3B00528425 /* Products */;
			projectDirPath = "";
			projectRoot = "";
			targets = (
				D54A90431AD5FA3B00528425 /* Trash Time */,
				D54A90581AD5FA3B00528425 /* Trash TimeTests */,
			);
		};
/* End PBXProject section */

/* Begin PBXResourcesBuildPhase section */
		D54A90421AD5FA3B00528425 /* Resources */ = {
			isa = PBXResourcesBuildPhase;
			buildActionMask = 2147483647;
			files = (
				D54A904F1AD5FA3B00528425 /* Main.storyboard in Resources */,
				D54A90541AD5FA3B00528425 /* LaunchScreen.xib in Resources */,
				D54A90511AD5FA3B00528425 /* Images.xcassets in Resources */,
			);
			runOnlyForDeploymentPostprocessing = 0;
		};
		D54A90571AD5FA3B00528425 /* Resources */ = {
			isa = PBXResourcesBuildPhase;
			buildActionMask = 2147483647;
			files = (
			);
			runOnlyForDeploymentPostprocessing = 0;
		};
/* End PBXResourcesBuildPhase section */

/* Begin PBXSourcesBuildPhase section */
		D54A90401AD5FA3B00528425 /* Sources */ = {
			isa = PBXSourcesBuildPhase;
			buildActionMask = 2147483647;
			files = (
				D54A904C1AD5FA3B00528425 /* ViewController.swift in Sources */,
				D54A904A1AD5FA3B00528425 /* AppDelegate.swift in Sources */,
			);
			runOnlyForDeploymentPostprocessing = 0;
		};
		D54A90551AD5FA3B00528425 /* Sources */ = {
			isa = PBXSourcesBuildPhase;
			buildActionMask = 2147483647;
			files = (
				D54A90601AD5FA3B00528425 /* Trash_TimeTests.swift in Sources */,
			);
			runOnlyForDeploymentPostprocessing = 0;
		};
/* End PBXSourcesBuildPhase section */

/* Begin PBXTargetDependency section */
		D54A905B1AD5FA3B00528425 /* PBXTargetDependency */ = {
			isa = PBXTargetDependency;
			target = D54A90431AD5FA3B00528425 /* Trash Time */;
			targetProxy = D54A905A1AD5FA3B00528425 /* PBXContainerItemProxy */;
		};
/* End PBXTargetDependency section */

/* Begin PBXVariantGroup section */
		D54A904D1AD5FA3B00528425 /* Main.storyboard */ = {
			isa = PBXVariantGroup;
			children = (
				D54A904E1AD5FA3B00528425 /* Base */,
			);
			name = Main.storyboard;
			sourceTree = "<group>";
		};
		D54A90521AD5FA3B00528425 /* LaunchScreen.xib */ = {
			isa = PBXVariantGroup;
			children = (
				D54A90531AD5FA3B00528425 /* Base */,
			);
			name = LaunchScreen.xib;
			sourceTree = "<group>";
		};
/* End PBXVariantGroup section */

/* Begin XCBuildConfiguration section */
		D54A90611AD5FA3B00528425 /* Debug */ = {
			isa = XCBuildConfiguration;
			buildSettings = {
				ALWAYS_SEARCH_USER_PATHS = NO;
				CLANG_CXX_LANGUAGE_STANDARD = "gnu++0x";
				CLANG_CXX_LIBRARY = "libc++";
				CLANG_ENABLE_MODULES = YES;
				CLANG_ENABLE_OBJC_ARC = YES;
				CLANG_WARN_BOOL_CONVERSION = YES;
				CLANG_WARN_CONSTANT_CONVERSION = YES;
				CLANG_WARN_DIRECT_OBJC_ISA_USAGE = YES_ERROR;
				CLANG_WARN_EMPTY_BODY = YES;
				CLANG_WARN_ENUM_CONVERSION = YES;
				CLANG_WARN_INT_CONVERSION = YES;
				CLANG_WARN_OBJC_ROOT_CLASS = YES_ERROR;
				CLANG_WARN_UNREACHABLE_CODE = YES;
				CLANG_WARN__DUPLICATE_METHOD_MATCH = YES;
				"CODE_SIGN_IDENTITY[sdk=iphoneos*]" = "iPhone Developer";
				COPY_PHASE_STRIP = NO;
				DEBUG_INFORMATION_FORMAT = "dwarf-with-dsym";
				ENABLE_STRICT_OBJC_MSGSEND = YES;
				GCC_C_LANGUAGE_STANDARD = gnu99;
				GCC_DYNAMIC_NO_PIC = NO;
				GCC_NO_COMMON_BLOCKS = YES;
				GCC_OPTIMIZATION_LEVEL = 0;
				GCC_PREPROCESSOR_DEFINITIONS = (
					"DEBUG=1",
					"$(inherited)",
				);
				GCC_SYMBOLS_PRIVATE_EXTERN = NO;
				GCC_WARN_64_TO_32_BIT_CONVERSION = YES;
				GCC_WARN_ABOUT_RETURN_TYPE = YES_ERROR;
				GCC_WARN_UNDECLARED_SELECTOR = YES;
				GCC_WARN_UNINITIALIZED_AUTOS = YES_AGGRESSIVE;
				GCC_WARN_UNUSED_FUNCTION = YES;
				GCC_WARN_UNUSED_VARIABLE = YES;
				IPHONEOS_DEPLOYMENT_TARGET = 8.3;
				MTL_ENABLE_DEBUG_INFO = YES;
				ONLY_ACTIVE_ARCH = YES;
				SDKROOT = iphoneos;
				SWIFT_OPTIMIZATION_LEVEL = "-Onone";
			};
			name = Debug;
		};
		D54A90621AD5FA3B00528425 /* Release */ = {
			isa = XCBuildConfiguration;
			buildSettings = {
				ALWAYS_SEARCH_USER_PATHS = NO;
				CLANG_CXX_LANGUAGE_STANDARD = "gnu++0x";
				CLANG_CXX_LIBRARY = "libc++";
				CLANG_ENABLE_MODULES = YES;
				CLANG_ENABLE_OBJC_ARC = YES;
				CLANG_WARN_BOOL_CONVERSION = YES;
				CLANG_WARN_CONSTANT_CONVERSION = YES;
				CLANG_WARN_DIRECT_OBJC_ISA_USAGE = YES_ERROR;
				CLANG_WARN_EMPTY_BODY = YES;
				CLANG_WARN_ENUM_CONVERSION = YES;
				CLANG_WARN_INT_CONVERSION = YES;
				CLANG_WARN_OBJC_ROOT_CLASS = YES_ERROR;
				CLANG_WARN_UNREACHABLE_CODE = YES;
				CLANG_WARN__DUPLICATE_METHOD_MATCH = YES;
				"CODE_SIGN_IDENTITY[sdk=iphoneos*]" = "iPhone Developer";
				COPY_PHASE_STRIP = NO;
				DEBUG_INFORMATION_FORMAT = "dwarf-with-dsym";
				ENABLE_NS_ASSERTIONS = NO;
				ENABLE_STRICT_OBJC_MSGSEND = YES;
				GCC_C_LANGUAGE_STANDARD = gnu99;
				GCC_NO_COMMON_BLOCKS = YES;
				GCC_WARN_64_TO_32_BIT_CONVERSION = YES;
				GCC_WARN_ABOUT_RETURN_TYPE = YES_ERROR;
				GCC_WARN_UNDECLARED_SELECTOR = YES;
				GCC_WARN_UNINITIALIZED_AUTOS = YES_AGGRESSIVE;
				GCC_WARN_UNUSED_FUNCTION = YES;
				GCC_WARN_UNUSED_VARIABLE = YES;
				IPHONEOS_DEPLOYMENT_TARGET = 8.3;
				MTL_ENABLE_DEBUG_INFO = NO;
				SDKROOT = iphoneos;
				VALIDATE_PRODUCT = YES;
			};
			name = Release;
		};
		D54A90641AD5FA3B00528425 /* Debug */ = {
			isa = XCBuildConfiguration;
			buildSettings = {
				ASSETCATALOG_COMPILER_APPICON_NAME = AppIcon;
				INFOPLIST_FILE = "Trash Time/Info.plist";
				LD_RUNPATH_SEARCH_PATHS = "$(inherited) @executable_path/Frameworks";
				PRODUCT_NAME = "$(TARGET_NAME)";
			};
			name = Debug;
		};
		D54A90651AD5FA3B00528425 /* Release */ = {
			isa = XCBuildConfiguration;
			buildSettings = {
				ASSETCATALOG_COMPILER_APPICON_NAME = AppIcon;
				INFOPLIST_FILE = "Trash Time/Info.plist";
				LD_RUNPATH_SEARCH_PATHS = "$(inherited) @executable_path/Frameworks";
				PRODUCT_NAME = "$(TARGET_NAME)";
			};
			name = Release;
		};
		D54A90671AD5FA3B00528425 /* Debug */ = {
			isa = XCBuildConfiguration;
			buildSettings = {
				BUNDLE_LOADER = "$(TEST_HOST)";
				FRAMEWORK_SEARCH_PATHS = (
					"$(SDKROOT)/Developer/Library/Frameworks",
					"$(inherited)",
				);
				GCC_PREPROCESSOR_DEFINITIONS = (
					"DEBUG=1",
					"$(inherited)",
				);
				INFOPLIST_FILE = "Trash TimeTests/Info.plist";
				LD_RUNPATH_SEARCH_PATHS = "$(inherited) @executable_path/Frameworks @loader_path/Frameworks";
				PRODUCT_NAME = "$(TARGET_NAME)";
				TEST_HOST = "$(BUILT_PRODUCTS_DIR)/Trash Time.app/Trash Time";
			};
			name = Debug;
		};
		D54A90681AD5FA3B00528425 /* Release */ = {
			isa = XCBuildConfiguration;
			buildSettings = {
				BUNDLE_LOADER = "$(TEST_HOST)";
				FRAMEWORK_SEARCH_PATHS = (
					"$(SDKROOT)/Developer/Library/Frameworks",
					"$(inherited)",
				);
				INFOPLIST_FILE = "Trash TimeTests/Info.plist";
				LD_RUNPATH_SEARCH_PATHS = "$(inherited) @executable_path/Frameworks @loader_path/Frameworks";
				PRODUCT_NAME = "$(TARGET_NAME)";
				TEST_HOST = "$(BUILT_PRODUCTS_DIR)/Trash Time.app/Trash Time";
			};
			name = Release;
		};
/* End XCBuildConfiguration section */

/* Begin XCConfigurationList section */
		D54A903F1AD5FA3B00528425 /* Build configuration list for PBXProject "Trash Time" */ = {
			isa = XCConfigurationList;
			buildConfigurations = (
				D54A90611AD5FA3B00528425 /* Debug */,
				D54A90621AD5FA3B00528425 /* Release */,
			);
			defaultConfigurationIsVisible = 0;
			defaultConfigurationName = Release;
		};
		D54A90631AD5FA3B00528425 /* Build configuration list for PBXNativeTarget "Trash Time" */ = {
			isa = XCConfigurationList;
			buildConfigurations = (
				D54A90641AD5FA3B00528425 /* Debug */,
				D54A90651AD5FA3B00528425 /* Release */,
			);
			defaultConfigurationIsVisible = 0;
		};
		D54A90661AD5FA3B00528425 /* Build configuration list for PBXNativeTarget "Trash TimeTests" */ = {
			isa = XCConfigurationList;
			buildConfigurations = (
				D54A90671AD5FA3B00528425 /* Debug */,
				D54A90681AD5FA3B00528425 /* Release */,
			);
			defaultConfigurationIsVisible = 0;
		};
/* End XCConfigurationList section */
	};
	rootObject = D54A903C1AD5FA3B00528425 /* Project object */;
}
