// !$*UTF8*$!
{
	archiveVersion = 1;
	classes = {
	};
	objectVersion = 46;
	objects = {

/* Begin PBXBuildFile section */
		D54A904A1AD5FA3B00528425 /* AppDelegate.swift in Sources */ = {isa = PBXBuildFile; fileRef = D54A90491AD5FA3B00528425 /* AppDelegate.swift */; };
		D54A904C1AD5FA3B00528425 /* ViewController.swift in Sources */ = {isa = PBXBuildFile; fileRef = D54A904B1AD5FA3B00528425 /* ViewController.swift */; };
		D54A904F1AD5FA3B00528425 /* Main.storyboard in Resources */ = {isa = PBXBuildFile; fileRef = D54A904D1AD5FA3B00528425 /* Main.storyboard */; };
		D54A90511AD5FA3B00528425 /* Images.xcassets in Resources */ = {isa = PBXBuildFile; fileRef = D54A90501AD5FA3B00528425 /* Images.xcassets */; };
		D54A90541AD5FA3B00528425 /* LaunchScreen.xib in Resources */ = {isa = PBXBuildFile; fileRef = D54A90521AD5FA3B00528425 /* LaunchScreen.xib */; };
		D55B58F61AD6AF610069BE0A /* SettingsTableViewController.swift in Sources */ = {isa = PBXBuildFile; fileRef = D55B58F51AD6AF610069BE0A /* SettingsTableViewController.swift */; };
		D55B58FF1AD6B0080069BE0A /* SetupController.swift in Sources */ = {isa = PBXBuildFile; fileRef = D55B58FE1AD6B0080069BE0A /* SetupController.swift */; };
		D56293011AE167D700FA1B3D /* CoreGraphics.framework in Frameworks */ = {isa = PBXBuildFile; fileRef = D56292FE1AE167D700FA1B3D /* CoreGraphics.framework */; };
		D56293021AE167D700FA1B3D /* CoreTelephony.framework in Frameworks */ = {isa = PBXBuildFile; fileRef = D56292FF1AE167D700FA1B3D /* CoreTelephony.framework */; };
		D56293031AE167D700FA1B3D /* CoreText.framework in Frameworks */ = {isa = PBXBuildFile; fileRef = D56293001AE167D700FA1B3D /* CoreText.framework */; };
		D562930A1AE167FA00FA1B3D /* Foundation.framework in Frameworks */ = {isa = PBXBuildFile; fileRef = D56293041AE167FA00FA1B3D /* Foundation.framework */; };
		D562930B1AE167FA00FA1B3D /* libxml2.dylib in Frameworks */ = {isa = PBXBuildFile; fileRef = D56293051AE167FA00FA1B3D /* libxml2.dylib */; };
		D562930C1AE167FA00FA1B3D /* OpenGLES.framework in Frameworks */ = {isa = PBXBuildFile; fileRef = D56293061AE167FA00FA1B3D /* OpenGLES.framework */; };
		D562930D1AE167FA00FA1B3D /* QuartzCore.framework in Frameworks */ = {isa = PBXBuildFile; fileRef = D56293071AE167FA00FA1B3D /* QuartzCore.framework */; };
		D562930E1AE167FA00FA1B3D /* SystemConfiguration.framework in Frameworks */ = {isa = PBXBuildFile; fileRef = D56293081AE167FA00FA1B3D /* SystemConfiguration.framework */; };
		D562930F1AE167FA00FA1B3D /* UIKit.framework in Frameworks */ = {isa = PBXBuildFile; fileRef = D56293091AE167FA00FA1B3D /* UIKit.framework */; };
		D562931B1AE19EBF00FA1B3D /* NotificationCenter.framework in Frameworks */ = {isa = PBXBuildFile; fileRef = D562931A1AE19EBF00FA1B3D /* NotificationCenter.framework */; };
		D56293201AE19EBF00FA1B3D /* TodayViewController.swift in Sources */ = {isa = PBXBuildFile; fileRef = D562931F1AE19EBF00FA1B3D /* TodayViewController.swift */; };
		D56293221AE19EBF00FA1B3D /* MainInterface.storyboard in Resources */ = {isa = PBXBuildFile; fileRef = D56293211AE19EBF00FA1B3D /* MainInterface.storyboard */; };
		D56293251AE19EBF00FA1B3D /* Today.appex in Embed App Extensions */ = {isa = PBXBuildFile; fileRef = D56293181AE19EBF00FA1B3D /* Today.appex */; settings = {ATTRIBUTES = (RemoveHeadersOnCopy, ); }; };
		D562932B1AE1A37A00FA1B3D /* Images.xcassets in Resources */ = {isa = PBXBuildFile; fileRef = D54A90501AD5FA3B00528425 /* Images.xcassets */; };
		D562933C1AE1DF9000FA1B3D /* TrashTimeShare.h in Headers */ = {isa = PBXBuildFile; fileRef = D562933B1AE1DF9000FA1B3D /* TrashTimeShare.h */; settings = {ATTRIBUTES = (Public, ); }; };
		D562934E1AE1DF9100FA1B3D /* TrashTimeShare.framework in Frameworks */ = {isa = PBXBuildFile; fileRef = D56293371AE1DF9000FA1B3D /* TrashTimeShare.framework */; };
		D562934F1AE1DF9100FA1B3D /* TrashTimeShare.framework in Embed Frameworks */ = {isa = PBXBuildFile; fileRef = D56293371AE1DF9000FA1B3D /* TrashTimeShare.framework */; settings = {ATTRIBUTES = (CodeSignOnCopy, RemoveHeadersOnCopy, ); }; };
		D56293571AE1DFBC00FA1B3D /* Logic.swift in Sources */ = {isa = PBXBuildFile; fileRef = D55B58F71AD6AF9B0069BE0A /* Logic.swift */; };
		D56293581AE1DFCC00FA1B3D /* TrashTimeShare.framework in Frameworks */ = {isa = PBXBuildFile; fileRef = D56293371AE1DF9000FA1B3D /* TrashTimeShare.framework */; };
		D56293591AE1E8DF00FA1B3D /* Theme.swift in Sources */ = {isa = PBXBuildFile; fileRef = D562932E1AE1DD5800FA1B3D /* Theme.swift */; };
		D5B41D791ADD81FD00E56477 /* DebugTableViewController.swift in Sources */ = {isa = PBXBuildFile; fileRef = D5B41D781ADD81FD00E56477 /* DebugTableViewController.swift */; };
		D5E2C69E1AE6D3ED001B532E /* Notifications.swift in Sources */ = {isa = PBXBuildFile; fileRef = D5E2C69D1AE6D3ED001B532E /* Notifications.swift */; };
		D5E8292E1B061575008148F0 /* StoreKit.framework in Frameworks */ = {isa = PBXBuildFile; fileRef = D5E8292D1B061575008148F0 /* StoreKit.framework */; };
		D5E8292F1B0615A1008148F0 /* Crashlytics.framework in Frameworks */ = {isa = PBXBuildFile; fileRef = D5FF3A9F1AEFA65C006FE733 /* Crashlytics.framework */; };
		D5E829301B0615A6008148F0 /* SupportKit.framework in Frameworks */ = {isa = PBXBuildFile; fileRef = D5FF3AC71AEFA65C006FE733 /* SupportKit.framework */; };
		D5FF3AC81AEFA65C006FE733 /* AMPopTip.m in Sources */ = {isa = PBXBuildFile; fileRef = D5FF3A9E1AEFA65C006FE733 /* AMPopTip.m */; };
		D5FF3ACA1AEFA65C006FE733 /* LTCharacterLimbo.swift in Sources */ = {isa = PBXBuildFile; fileRef = D5FF3AA11AEFA65C006FE733 /* LTCharacterLimbo.swift */; };
		D5FF3ACB1AEFA65C006FE733 /* LTEasing.swift in Sources */ = {isa = PBXBuildFile; fileRef = D5FF3AA21AEFA65C006FE733 /* LTEasing.swift */; };
		D5FF3ACC1AEFA65C006FE733 /* LTEmitterView.swift in Sources */ = {isa = PBXBuildFile; fileRef = D5FF3AA31AEFA65C006FE733 /* LTEmitterView.swift */; };
		D5FF3ACD1AEFA65C006FE733 /* LTMorphingEffect.swift in Sources */ = {isa = PBXBuildFile; fileRef = D5FF3AA41AEFA65C006FE733 /* LTMorphingEffect.swift */; };
		D5FF3ACE1AEFA65C006FE733 /* LTMorphingLabel+Anvil.swift in Sources */ = {isa = PBXBuildFile; fileRef = D5FF3AA51AEFA65C006FE733 /* LTMorphingLabel+Anvil.swift */; };
		D5FF3ACF1AEFA65C006FE733 /* LTMorphingLabel+Burn.swift in Sources */ = {isa = PBXBuildFile; fileRef = D5FF3AA61AEFA65C006FE733 /* LTMorphingLabel+Burn.swift */; };
		D5FF3AD01AEFA65C006FE733 /* LTMorphingLabel+Evaporate.swift in Sources */ = {isa = PBXBuildFile; fileRef = D5FF3AA71AEFA65C006FE733 /* LTMorphingLabel+Evaporate.swift */; };
		D5FF3AD11AEFA65C006FE733 /* LTMorphingLabel+Fall.swift in Sources */ = {isa = PBXBuildFile; fileRef = D5FF3AA81AEFA65C006FE733 /* LTMorphingLabel+Fall.swift */; };
		D5FF3AD21AEFA65C006FE733 /* LTMorphingLabel+Pixelate.swift in Sources */ = {isa = PBXBuildFile; fileRef = D5FF3AA91AEFA65C006FE733 /* LTMorphingLabel+Pixelate.swift */; };
		D5FF3AD31AEFA65C006FE733 /* LTMorphingLabel+Sparkle.swift in Sources */ = {isa = PBXBuildFile; fileRef = D5FF3AAA1AEFA65C006FE733 /* LTMorphingLabel+Sparkle.swift */; };
		D5FF3AD41AEFA65C006FE733 /* LTMorphingLabel.swift in Sources */ = {isa = PBXBuildFile; fileRef = D5FF3AAC1AEFA65C006FE733 /* LTMorphingLabel.swift */; };
		D5FF3AD51AEFA65C006FE733 /* NSString+LTMorphingLabel.swift in Sources */ = {isa = PBXBuildFile; fileRef = D5FF3AAD1AEFA65C006FE733 /* NSString+LTMorphingLabel.swift */; };
		D5FF3AD61AEFA65C006FE733 /* Fire.png in Resources */ = {isa = PBXBuildFile; fileRef = D5FF3AAF1AEFA65C006FE733 /* Fire.png */; };
		D5FF3AD71AEFA65C006FE733 /* Fragment.png in Resources */ = {isa = PBXBuildFile; fileRef = D5FF3AB01AEFA65C006FE733 /* Fragment.png */; };
		D5FF3AD81AEFA65C006FE733 /* Smoke.png in Resources */ = {isa = PBXBuildFile; fileRef = D5FF3AB11AEFA65C006FE733 /* Smoke.png */; };
		D5FF3AD91AEFA65C006FE733 /* Sparkle.png in Resources */ = {isa = PBXBuildFile; fileRef = D5FF3AB21AEFA65C006FE733 /* Sparkle.png */; };
		D5FF3ADA1AEFA65C006FE733 /* RAMPaperSwitch.swift in Sources */ = {isa = PBXBuildFile; fileRef = D5FF3AB41AEFA65C006FE733 /* RAMPaperSwitch.swift */; };
		D5FF3ADB1AEFA65C006FE733 /* NSCalendar+RSDFAdditions.m in Sources */ = {isa = PBXBuildFile; fileRef = D5FF3AB71AEFA65C006FE733 /* NSCalendar+RSDFAdditions.m */; };
		D5FF3ADC1AEFA65C006FE733 /* RSDFDatePickerCollectionView.m in Sources */ = {isa = PBXBuildFile; fileRef = D5FF3ABA1AEFA65C006FE733 /* RSDFDatePickerCollectionView.m */; };
		D5FF3ADD1AEFA65C006FE733 /* RSDFDatePickerCollectionViewLayout.m in Sources */ = {isa = PBXBuildFile; fileRef = D5FF3ABC1AEFA65C006FE733 /* RSDFDatePickerCollectionViewLayout.m */; };
		D5FF3ADE1AEFA65C006FE733 /* RSDFDatePickerDayCell.m in Sources */ = {isa = PBXBuildFile; fileRef = D5FF3ABE1AEFA65C006FE733 /* RSDFDatePickerDayCell.m */; };
		D5FF3ADF1AEFA65C006FE733 /* RSDFDatePickerDaysOfWeekView.m in Sources */ = {isa = PBXBuildFile; fileRef = D5FF3AC01AEFA65C006FE733 /* RSDFDatePickerDaysOfWeekView.m */; };
		D5FF3AE01AEFA65C006FE733 /* RSDFDatePickerMonthHeader.m in Sources */ = {isa = PBXBuildFile; fileRef = D5FF3AC21AEFA65C006FE733 /* RSDFDatePickerMonthHeader.m */; };
		D5FF3AE11AEFA65C006FE733 /* RSDFDatePickerView.m in Sources */ = {isa = PBXBuildFile; fileRef = D5FF3AC41AEFA65C006FE733 /* RSDFDatePickerView.m */; };
		D5FF3AE21AEFA65C006FE733 /* SupportKit.bundle in Resources */ = {isa = PBXBuildFile; fileRef = D5FF3AC61AEFA65C006FE733 /* SupportKit.bundle */; };
		D5FF3AEB1AEFA68F006FE733 /* NSString+Morphing.m in Sources */ = {isa = PBXBuildFile; fileRef = D5FF3AE81AEFA68F006FE733 /* NSString+Morphing.m */; };
		D5FF3AEC1AEFA68F006FE733 /* TOMSMorphingLabel.m in Sources */ = {isa = PBXBuildFile; fileRef = D5FF3AEA1AEFA68F006FE733 /* TOMSMorphingLabel.m */; };
/* End PBXBuildFile section */

/* Begin PBXContainerItemProxy section */
		D56293231AE19EBF00FA1B3D /* PBXContainerItemProxy */ = {
			isa = PBXContainerItemProxy;
			containerPortal = D54A903C1AD5FA3B00528425 /* Project object */;
			proxyType = 1;
			remoteGlobalIDString = D56293171AE19EBF00FA1B3D;
			remoteInfo = Today;
		};
		D562934C1AE1DF9100FA1B3D /* PBXContainerItemProxy */ = {
			isa = PBXContainerItemProxy;
			containerPortal = D54A903C1AD5FA3B00528425 /* Project object */;
			proxyType = 1;
			remoteGlobalIDString = D56293361AE1DF9000FA1B3D;
			remoteInfo = TrashTimeShare;
		};
/* End PBXContainerItemProxy section */

/* Begin PBXCopyFilesBuildPhase section */
		D56293291AE19EC000FA1B3D /* Embed App Extensions */ = {
			isa = PBXCopyFilesBuildPhase;
			buildActionMask = 2147483647;
			dstPath = "";
			dstSubfolderSpec = 13;
			files = (
				D56293251AE19EBF00FA1B3D /* Today.appex in Embed App Extensions */,
			);
			name = "Embed App Extensions";
			runOnlyForDeploymentPostprocessing = 0;
		};
		D56293531AE1DF9100FA1B3D /* Embed Frameworks */ = {
			isa = PBXCopyFilesBuildPhase;
			buildActionMask = 2147483647;
			dstPath = "";
			dstSubfolderSpec = 10;
			files = (
				D562934F1AE1DF9100FA1B3D /* TrashTimeShare.framework in Embed Frameworks */,
			);
			name = "Embed Frameworks";
			runOnlyForDeploymentPostprocessing = 0;
		};
/* End PBXCopyFilesBuildPhase section */

/* Begin PBXFileReference section */
		D54A90441AD5FA3B00528425 /* Trash Time.app */ = {isa = PBXFileReference; explicitFileType = wrapper.application; includeInIndex = 0; path = "Trash Time.app"; sourceTree = BUILT_PRODUCTS_DIR; };
		D54A90481AD5FA3B00528425 /* Info.plist */ = {isa = PBXFileReference; lastKnownFileType = text.plist.xml; path = Info.plist; sourceTree = "<group>"; };
		D54A90491AD5FA3B00528425 /* AppDelegate.swift */ = {isa = PBXFileReference; lastKnownFileType = sourcecode.swift; path = AppDelegate.swift; sourceTree = "<group>"; };
		D54A904B1AD5FA3B00528425 /* ViewController.swift */ = {isa = PBXFileReference; lastKnownFileType = sourcecode.swift; path = ViewController.swift; sourceTree = "<group>"; };
		D54A904E1AD5FA3B00528425 /* Base */ = {isa = PBXFileReference; lastKnownFileType = file.storyboard; name = Base; path = Base.lproj/Main.storyboard; sourceTree = "<group>"; };
		D54A90501AD5FA3B00528425 /* Images.xcassets */ = {isa = PBXFileReference; lastKnownFileType = folder.assetcatalog; path = Images.xcassets; sourceTree = "<group>"; };
		D54A90531AD5FA3B00528425 /* Base */ = {isa = PBXFileReference; lastKnownFileType = file.xib; name = Base; path = Base.lproj/LaunchScreen.xib; sourceTree = "<group>"; };
		D55B58F51AD6AF610069BE0A /* SettingsTableViewController.swift */ = {isa = PBXFileReference; fileEncoding = 4; lastKnownFileType = sourcecode.swift; path = SettingsTableViewController.swift; sourceTree = "<group>"; };
		D55B58F71AD6AF9B0069BE0A /* Logic.swift */ = {isa = PBXFileReference; fileEncoding = 4; lastKnownFileType = sourcecode.swift; name = Logic.swift; path = "../Trash Time/Logic.swift"; sourceTree = "<group>"; };
		D55B58FE1AD6B0080069BE0A /* SetupController.swift */ = {isa = PBXFileReference; fileEncoding = 4; lastKnownFileType = sourcecode.swift; name = SetupController.swift; path = Intro/SetupController.swift; sourceTree = "<group>"; };
		D55B594D1AD6B2F60069BE0A /* BridgingHeader.h */ = {isa = PBXFileReference; lastKnownFileType = sourcecode.c.h; path = BridgingHeader.h; sourceTree = "<group>"; };
		D56292FE1AE167D700FA1B3D /* CoreGraphics.framework */ = {isa = PBXFileReference; lastKnownFileType = wrapper.framework; name = CoreGraphics.framework; path = System/Library/Frameworks/CoreGraphics.framework; sourceTree = SDKROOT; };
		D56292FF1AE167D700FA1B3D /* CoreTelephony.framework */ = {isa = PBXFileReference; lastKnownFileType = wrapper.framework; name = CoreTelephony.framework; path = System/Library/Frameworks/CoreTelephony.framework; sourceTree = SDKROOT; };
		D56293001AE167D700FA1B3D /* CoreText.framework */ = {isa = PBXFileReference; lastKnownFileType = wrapper.framework; name = CoreText.framework; path = System/Library/Frameworks/CoreText.framework; sourceTree = SDKROOT; };
		D56293041AE167FA00FA1B3D /* Foundation.framework */ = {isa = PBXFileReference; lastKnownFileType = wrapper.framework; name = Foundation.framework; path = System/Library/Frameworks/Foundation.framework; sourceTree = SDKROOT; };
		D56293051AE167FA00FA1B3D /* libxml2.dylib */ = {isa = PBXFileReference; lastKnownFileType = "compiled.mach-o.dylib"; name = libxml2.dylib; path = usr/lib/libxml2.dylib; sourceTree = SDKROOT; };
		D56293061AE167FA00FA1B3D /* OpenGLES.framework */ = {isa = PBXFileReference; lastKnownFileType = wrapper.framework; name = OpenGLES.framework; path = System/Library/Frameworks/OpenGLES.framework; sourceTree = SDKROOT; };
		D56293071AE167FA00FA1B3D /* QuartzCore.framework */ = {isa = PBXFileReference; lastKnownFileType = wrapper.framework; name = QuartzCore.framework; path = System/Library/Frameworks/QuartzCore.framework; sourceTree = SDKROOT; };
		D56293081AE167FA00FA1B3D /* SystemConfiguration.framework */ = {isa = PBXFileReference; lastKnownFileType = wrapper.framework; name = SystemConfiguration.framework; path = System/Library/Frameworks/SystemConfiguration.framework; sourceTree = SDKROOT; };
		D56293091AE167FA00FA1B3D /* UIKit.framework */ = {isa = PBXFileReference; lastKnownFileType = wrapper.framework; name = UIKit.framework; path = System/Library/Frameworks/UIKit.framework; sourceTree = SDKROOT; };
		D56293181AE19EBF00FA1B3D /* Today.appex */ = {isa = PBXFileReference; explicitFileType = "wrapper.app-extension"; includeInIndex = 0; path = Today.appex; sourceTree = BUILT_PRODUCTS_DIR; };
		D562931A1AE19EBF00FA1B3D /* NotificationCenter.framework */ = {isa = PBXFileReference; lastKnownFileType = wrapper.framework; name = NotificationCenter.framework; path = System/Library/Frameworks/NotificationCenter.framework; sourceTree = SDKROOT; };
		D562931E1AE19EBF00FA1B3D /* Info.plist */ = {isa = PBXFileReference; lastKnownFileType = text.plist.xml; path = Info.plist; sourceTree = "<group>"; };
		D562931F1AE19EBF00FA1B3D /* TodayViewController.swift */ = {isa = PBXFileReference; lastKnownFileType = sourcecode.swift; path = TodayViewController.swift; sourceTree = "<group>"; };
		D56293211AE19EBF00FA1B3D /* MainInterface.storyboard */ = {isa = PBXFileReference; lastKnownFileType = file.storyboard; path = MainInterface.storyboard; sourceTree = "<group>"; };
		D562932E1AE1DD5800FA1B3D /* Theme.swift */ = {isa = PBXFileReference; fileEncoding = 4; lastKnownFileType = sourcecode.swift; name = Theme.swift; path = "../Trash Time/Theme.swift"; sourceTree = "<group>"; };
		D56293371AE1DF9000FA1B3D /* TrashTimeShare.framework */ = {isa = PBXFileReference; explicitFileType = wrapper.framework; includeInIndex = 0; path = TrashTimeShare.framework; sourceTree = BUILT_PRODUCTS_DIR; };
		D562933A1AE1DF9000FA1B3D /* Info.plist */ = {isa = PBXFileReference; lastKnownFileType = text.plist.xml; path = Info.plist; sourceTree = "<group>"; };
		D562933B1AE1DF9000FA1B3D /* TrashTimeShare.h */ = {isa = PBXFileReference; lastKnownFileType = sourcecode.c.h; path = TrashTimeShare.h; sourceTree = "<group>"; };
		D562935A1AE1EBAE00FA1B3D /* Trash Time.entitlements */ = {isa = PBXFileReference; lastKnownFileType = text.xml; path = "Trash Time.entitlements"; sourceTree = "<group>"; };
		D562935B1AE1ECA400FA1B3D /* Today.entitlements */ = {isa = PBXFileReference; lastKnownFileType = text.xml; path = Today.entitlements; sourceTree = "<group>"; };
		D5B41D781ADD81FD00E56477 /* DebugTableViewController.swift */ = {isa = PBXFileReference; fileEncoding = 4; lastKnownFileType = sourcecode.swift; path = DebugTableViewController.swift; sourceTree = "<group>"; };
		D5E2C69D1AE6D3ED001B532E /* Notifications.swift */ = {isa = PBXFileReference; fileEncoding = 4; lastKnownFileType = sourcecode.swift; path = Notifications.swift; sourceTree = "<group>"; };
		D5E8292D1B061575008148F0 /* StoreKit.framework */ = {isa = PBXFileReference; lastKnownFileType = wrapper.framework; name = StoreKit.framework; path = System/Library/Frameworks/StoreKit.framework; sourceTree = SDKROOT; };
		D5FF3A9D1AEFA65C006FE733 /* AMPopTip.h */ = {isa = PBXFileReference; fileEncoding = 4; lastKnownFileType = sourcecode.c.h; path = AMPopTip.h; sourceTree = "<group>"; };
		D5FF3A9E1AEFA65C006FE733 /* AMPopTip.m */ = {isa = PBXFileReference; fileEncoding = 4; lastKnownFileType = sourcecode.c.objc; path = AMPopTip.m; sourceTree = "<group>"; };
		D5FF3A9F1AEFA65C006FE733 /* Crashlytics.framework */ = {isa = PBXFileReference; lastKnownFileType = wrapper.framework; path = Crashlytics.framework; sourceTree = "<group>"; };
		D5FF3AA11AEFA65C006FE733 /* LTCharacterLimbo.swift */ = {isa = PBXFileReference; fileEncoding = 4; lastKnownFileType = sourcecode.swift; path = LTCharacterLimbo.swift; sourceTree = "<group>"; };
		D5FF3AA21AEFA65C006FE733 /* LTEasing.swift */ = {isa = PBXFileReference; fileEncoding = 4; lastKnownFileType = sourcecode.swift; path = LTEasing.swift; sourceTree = "<group>"; };
		D5FF3AA31AEFA65C006FE733 /* LTEmitterView.swift */ = {isa = PBXFileReference; fileEncoding = 4; lastKnownFileType = sourcecode.swift; path = LTEmitterView.swift; sourceTree = "<group>"; };
		D5FF3AA41AEFA65C006FE733 /* LTMorphingEffect.swift */ = {isa = PBXFileReference; fileEncoding = 4; lastKnownFileType = sourcecode.swift; path = LTMorphingEffect.swift; sourceTree = "<group>"; };
		D5FF3AA51AEFA65C006FE733 /* LTMorphingLabel+Anvil.swift */ = {isa = PBXFileReference; fileEncoding = 4; lastKnownFileType = sourcecode.swift; path = "LTMorphingLabel+Anvil.swift"; sourceTree = "<group>"; };
		D5FF3AA61AEFA65C006FE733 /* LTMorphingLabel+Burn.swift */ = {isa = PBXFileReference; fileEncoding = 4; lastKnownFileType = sourcecode.swift; path = "LTMorphingLabel+Burn.swift"; sourceTree = "<group>"; };
		D5FF3AA71AEFA65C006FE733 /* LTMorphingLabel+Evaporate.swift */ = {isa = PBXFileReference; fileEncoding = 4; lastKnownFileType = sourcecode.swift; path = "LTMorphingLabel+Evaporate.swift"; sourceTree = "<group>"; };
		D5FF3AA81AEFA65C006FE733 /* LTMorphingLabel+Fall.swift */ = {isa = PBXFileReference; fileEncoding = 4; lastKnownFileType = sourcecode.swift; path = "LTMorphingLabel+Fall.swift"; sourceTree = "<group>"; };
		D5FF3AA91AEFA65C006FE733 /* LTMorphingLabel+Pixelate.swift */ = {isa = PBXFileReference; fileEncoding = 4; lastKnownFileType = sourcecode.swift; path = "LTMorphingLabel+Pixelate.swift"; sourceTree = "<group>"; };
		D5FF3AAA1AEFA65C006FE733 /* LTMorphingLabel+Sparkle.swift */ = {isa = PBXFileReference; fileEncoding = 4; lastKnownFileType = sourcecode.swift; path = "LTMorphingLabel+Sparkle.swift"; sourceTree = "<group>"; };
		D5FF3AAB1AEFA65C006FE733 /* LTMorphingLabel.h */ = {isa = PBXFileReference; fileEncoding = 4; lastKnownFileType = sourcecode.c.h; path = LTMorphingLabel.h; sourceTree = "<group>"; };
		D5FF3AAC1AEFA65C006FE733 /* LTMorphingLabel.swift */ = {isa = PBXFileReference; fileEncoding = 4; lastKnownFileType = sourcecode.swift; path = LTMorphingLabel.swift; sourceTree = "<group>"; };
		D5FF3AAD1AEFA65C006FE733 /* NSString+LTMorphingLabel.swift */ = {isa = PBXFileReference; fileEncoding = 4; lastKnownFileType = sourcecode.swift; path = "NSString+LTMorphingLabel.swift"; sourceTree = "<group>"; };
		D5FF3AAF1AEFA65C006FE733 /* Fire.png */ = {isa = PBXFileReference; lastKnownFileType = image.png; path = Fire.png; sourceTree = "<group>"; };
		D5FF3AB01AEFA65C006FE733 /* Fragment.png */ = {isa = PBXFileReference; lastKnownFileType = image.png; path = Fragment.png; sourceTree = "<group>"; };
		D5FF3AB11AEFA65C006FE733 /* Smoke.png */ = {isa = PBXFileReference; lastKnownFileType = image.png; path = Smoke.png; sourceTree = "<group>"; };
		D5FF3AB21AEFA65C006FE733 /* Sparkle.png */ = {isa = PBXFileReference; lastKnownFileType = image.png; path = Sparkle.png; sourceTree = "<group>"; };
		D5FF3AB41AEFA65C006FE733 /* RAMPaperSwitch.swift */ = {isa = PBXFileReference; fileEncoding = 4; lastKnownFileType = sourcecode.swift; path = RAMPaperSwitch.swift; sourceTree = "<group>"; };
		D5FF3AB61AEFA65C006FE733 /* NSCalendar+RSDFAdditions.h */ = {isa = PBXFileReference; fileEncoding = 4; lastKnownFileType = sourcecode.c.h; path = "NSCalendar+RSDFAdditions.h"; sourceTree = "<group>"; };
		D5FF3AB71AEFA65C006FE733 /* NSCalendar+RSDFAdditions.m */ = {isa = PBXFileReference; fileEncoding = 4; lastKnownFileType = sourcecode.c.objc; path = "NSCalendar+RSDFAdditions.m"; sourceTree = "<group>"; };
		D5FF3AB81AEFA65C006FE733 /* RSDayFlow.h */ = {isa = PBXFileReference; fileEncoding = 4; lastKnownFileType = sourcecode.c.h; path = RSDayFlow.h; sourceTree = "<group>"; };
		D5FF3AB91AEFA65C006FE733 /* RSDFDatePickerCollectionView.h */ = {isa = PBXFileReference; fileEncoding = 4; lastKnownFileType = sourcecode.c.h; path = RSDFDatePickerCollectionView.h; sourceTree = "<group>"; };
		D5FF3ABA1AEFA65C006FE733 /* RSDFDatePickerCollectionView.m */ = {isa = PBXFileReference; fileEncoding = 4; lastKnownFileType = sourcecode.c.objc; path = RSDFDatePickerCollectionView.m; sourceTree = "<group>"; };
		D5FF3ABB1AEFA65C006FE733 /* RSDFDatePickerCollectionViewLayout.h */ = {isa = PBXFileReference; fileEncoding = 4; lastKnownFileType = sourcecode.c.h; path = RSDFDatePickerCollectionViewLayout.h; sourceTree = "<group>"; };
		D5FF3ABC1AEFA65C006FE733 /* RSDFDatePickerCollectionViewLayout.m */ = {isa = PBXFileReference; fileEncoding = 4; lastKnownFileType = sourcecode.c.objc; path = RSDFDatePickerCollectionViewLayout.m; sourceTree = "<group>"; };
		D5FF3ABD1AEFA65C006FE733 /* RSDFDatePickerDayCell.h */ = {isa = PBXFileReference; fileEncoding = 4; lastKnownFileType = sourcecode.c.h; path = RSDFDatePickerDayCell.h; sourceTree = "<group>"; };
		D5FF3ABE1AEFA65C006FE733 /* RSDFDatePickerDayCell.m */ = {isa = PBXFileReference; fileEncoding = 4; lastKnownFileType = sourcecode.c.objc; path = RSDFDatePickerDayCell.m; sourceTree = "<group>"; };
		D5FF3ABF1AEFA65C006FE733 /* RSDFDatePickerDaysOfWeekView.h */ = {isa = PBXFileReference; fileEncoding = 4; lastKnownFileType = sourcecode.c.h; path = RSDFDatePickerDaysOfWeekView.h; sourceTree = "<group>"; };
		D5FF3AC01AEFA65C006FE733 /* RSDFDatePickerDaysOfWeekView.m */ = {isa = PBXFileReference; fileEncoding = 4; lastKnownFileType = sourcecode.c.objc; path = RSDFDatePickerDaysOfWeekView.m; sourceTree = "<group>"; };
		D5FF3AC11AEFA65C006FE733 /* RSDFDatePickerMonthHeader.h */ = {isa = PBXFileReference; fileEncoding = 4; lastKnownFileType = sourcecode.c.h; path = RSDFDatePickerMonthHeader.h; sourceTree = "<group>"; };
		D5FF3AC21AEFA65C006FE733 /* RSDFDatePickerMonthHeader.m */ = {isa = PBXFileReference; fileEncoding = 4; lastKnownFileType = sourcecode.c.objc; path = RSDFDatePickerMonthHeader.m; sourceTree = "<group>"; };
		D5FF3AC31AEFA65C006FE733 /* RSDFDatePickerView.h */ = {isa = PBXFileReference; fileEncoding = 4; lastKnownFileType = sourcecode.c.h; path = RSDFDatePickerView.h; sourceTree = "<group>"; };
		D5FF3AC41AEFA65C006FE733 /* RSDFDatePickerView.m */ = {isa = PBXFileReference; fileEncoding = 4; lastKnownFileType = sourcecode.c.objc; path = RSDFDatePickerView.m; sourceTree = "<group>"; };
		D5FF3AC61AEFA65C006FE733 /* SupportKit.bundle */ = {isa = PBXFileReference; lastKnownFileType = "wrapper.plug-in"; path = SupportKit.bundle; sourceTree = "<group>"; };
		D5FF3AC71AEFA65C006FE733 /* SupportKit.framework */ = {isa = PBXFileReference; lastKnownFileType = wrapper.framework; path = SupportKit.framework; sourceTree = "<group>"; };
		D5FF3AE71AEFA68F006FE733 /* NSString+Morphing.h */ = {isa = PBXFileReference; fileEncoding = 4; lastKnownFileType = sourcecode.c.h; path = "NSString+Morphing.h"; sourceTree = "<group>"; };
		D5FF3AE81AEFA68F006FE733 /* NSString+Morphing.m */ = {isa = PBXFileReference; fileEncoding = 4; lastKnownFileType = sourcecode.c.objc; path = "NSString+Morphing.m"; sourceTree = "<group>"; };
		D5FF3AE91AEFA68F006FE733 /* TOMSMorphingLabel.h */ = {isa = PBXFileReference; fileEncoding = 4; lastKnownFileType = sourcecode.c.h; path = TOMSMorphingLabel.h; sourceTree = "<group>"; };
		D5FF3AEA1AEFA68F006FE733 /* TOMSMorphingLabel.m */ = {isa = PBXFileReference; fileEncoding = 4; lastKnownFileType = sourcecode.c.objc; path = TOMSMorphingLabel.m; sourceTree = "<group>"; };
/* End PBXFileReference section */

/* Begin PBXFrameworksBuildPhase section */
		D54A90411AD5FA3B00528425 /* Frameworks */ = {
			isa = PBXFrameworksBuildPhase;
			buildActionMask = 2147483647;
			files = (
				D5E8292E1B061575008148F0 /* StoreKit.framework in Frameworks */,
				D56293011AE167D700FA1B3D /* CoreGraphics.framework in Frameworks */,
				D5E8292F1B0615A1008148F0 /* Crashlytics.framework in Frameworks */,
				D56293021AE167D700FA1B3D /* CoreTelephony.framework in Frameworks */,
				D5E829301B0615A6008148F0 /* SupportKit.framework in Frameworks */,
				D56293031AE167D700FA1B3D /* CoreText.framework in Frameworks */,
				D562930A1AE167FA00FA1B3D /* Foundation.framework in Frameworks */,
				D562930B1AE167FA00FA1B3D /* libxml2.dylib in Frameworks */,
				D562930C1AE167FA00FA1B3D /* OpenGLES.framework in Frameworks */,
				D562930D1AE167FA00FA1B3D /* QuartzCore.framework in Frameworks */,
				D562930E1AE167FA00FA1B3D /* SystemConfiguration.framework in Frameworks */,
				D562934E1AE1DF9100FA1B3D /* TrashTimeShare.framework in Frameworks */,
				D562930F1AE167FA00FA1B3D /* UIKit.framework in Frameworks */,
			);
			runOnlyForDeploymentPostprocessing = 0;
		};
		D56293151AE19EBF00FA1B3D /* Frameworks */ = {
			isa = PBXFrameworksBuildPhase;
			buildActionMask = 2147483647;
			files = (
				D56293581AE1DFCC00FA1B3D /* TrashTimeShare.framework in Frameworks */,
				D562931B1AE19EBF00FA1B3D /* NotificationCenter.framework in Frameworks */,
			);
			runOnlyForDeploymentPostprocessing = 0;
		};
		D56293331AE1DF9000FA1B3D /* Frameworks */ = {
			isa = PBXFrameworksBuildPhase;
			buildActionMask = 2147483647;
			files = (
			);
			runOnlyForDeploymentPostprocessing = 0;
		};
/* End PBXFrameworksBuildPhase section */

/* Begin PBXGroup section */
		D54A903B1AD5FA3B00528425 = {
			isa = PBXGroup;
			children = (
				D54A90461AD5FA3B00528425 /* Trash Time */,
				D5FF3A9B1AEFA65C006FE733 /* Third Party */,
				D562931C1AE19EBF00FA1B3D /* Today */,
				D56293381AE1DF9000FA1B3D /* TrashTimeShare */,
				D56293191AE19EBF00FA1B3D /* Frameworks */,
				D54A90451AD5FA3B00528425 /* Products */,
			);
			sourceTree = "<group>";
		};
		D54A90451AD5FA3B00528425 /* Products */ = {
			isa = PBXGroup;
			children = (
				D54A90441AD5FA3B00528425 /* Trash Time.app */,
				D56293181AE19EBF00FA1B3D /* Today.appex */,
				D56293371AE1DF9000FA1B3D /* TrashTimeShare.framework */,
			);
			name = Products;
			sourceTree = "<group>";
		};
		D54A90461AD5FA3B00528425 /* Trash Time */ = {
			isa = PBXGroup;
			children = (
				D54A90491AD5FA3B00528425 /* AppDelegate.swift */,
				D54A904B1AD5FA3B00528425 /* ViewController.swift */,
				D55B58F51AD6AF610069BE0A /* SettingsTableViewController.swift */,
				D5B41D781ADD81FD00E56477 /* DebugTableViewController.swift */,
				D5E2C69D1AE6D3ED001B532E /* Notifications.swift */,
				D55B58FE1AD6B0080069BE0A /* SetupController.swift */,
				D54A90471AD5FA3B00528425 /* Supporting Files */,
				D56293101AE1681000FA1B3D /* Frameworks */,
			);
			path = "Trash Time";
			sourceTree = "<group>";
		};
		D54A90471AD5FA3B00528425 /* Supporting Files */ = {
			isa = PBXGroup;
			children = (
				D54A904D1AD5FA3B00528425 /* Main.storyboard */,
				D54A90521AD5FA3B00528425 /* LaunchScreen.xib */,
				D54A90501AD5FA3B00528425 /* Images.xcassets */,
				D562935A1AE1EBAE00FA1B3D /* Trash Time.entitlements */,
				D54A90481AD5FA3B00528425 /* Info.plist */,
				D55B594D1AD6B2F60069BE0A /* BridgingHeader.h */,
			);
			name = "Supporting Files";
			sourceTree = "<group>";
		};
		D56293101AE1681000FA1B3D /* Frameworks */ = {
			isa = PBXGroup;
			children = (
				D56293041AE167FA00FA1B3D /* Foundation.framework */,
				D56293051AE167FA00FA1B3D /* libxml2.dylib */,
				D56293061AE167FA00FA1B3D /* OpenGLES.framework */,
				D56293071AE167FA00FA1B3D /* QuartzCore.framework */,
				D56293081AE167FA00FA1B3D /* SystemConfiguration.framework */,
				D56293091AE167FA00FA1B3D /* UIKit.framework */,
				D56292FE1AE167D700FA1B3D /* CoreGraphics.framework */,
				D56292FF1AE167D700FA1B3D /* CoreTelephony.framework */,
				D56293001AE167D700FA1B3D /* CoreText.framework */,
			);
			name = Frameworks;
			path = ..;
			sourceTree = "<group>";
		};
		D56293191AE19EBF00FA1B3D /* Frameworks */ = {
			isa = PBXGroup;
			children = (
				D5E8292D1B061575008148F0 /* StoreKit.framework */,
				D562931A1AE19EBF00FA1B3D /* NotificationCenter.framework */,
			);
			name = Frameworks;
			sourceTree = "<group>";
		};
		D562931C1AE19EBF00FA1B3D /* Today */ = {
			isa = PBXGroup;
			children = (
				D562931F1AE19EBF00FA1B3D /* TodayViewController.swift */,
				D562931D1AE19EBF00FA1B3D /* Supporting Files */,
			);
			path = Today;
			sourceTree = "<group>";
		};
		D562931D1AE19EBF00FA1B3D /* Supporting Files */ = {
			isa = PBXGroup;
			children = (
				D56293211AE19EBF00FA1B3D /* MainInterface.storyboard */,
				D562935B1AE1ECA400FA1B3D /* Today.entitlements */,
				D562931E1AE19EBF00FA1B3D /* Info.plist */,
			);
			name = "Supporting Files";
			sourceTree = "<group>";
		};
		D56293381AE1DF9000FA1B3D /* TrashTimeShare */ = {
			isa = PBXGroup;
			children = (
				D562933B1AE1DF9000FA1B3D /* TrashTimeShare.h */,
				D55B58F71AD6AF9B0069BE0A /* Logic.swift */,
				D562932E1AE1DD5800FA1B3D /* Theme.swift */,
				D56293391AE1DF9000FA1B3D /* Supporting Files */,
			);
			path = TrashTimeShare;
			sourceTree = "<group>";
		};
		D56293391AE1DF9000FA1B3D /* Supporting Files */ = {
			isa = PBXGroup;
			children = (
				D562933A1AE1DF9000FA1B3D /* Info.plist */,
			);
			name = "Supporting Files";
			sourceTree = "<group>";
		};
		D5FF3A9B1AEFA65C006FE733 /* Third Party */ = {
			isa = PBXGroup;
			children = (
				D5FF3A9C1AEFA65C006FE733 /* AMPopTip */,
				D5FF3AA01AEFA65C006FE733 /* LTMorphingLabel */,
				D5FF3AB31AEFA65C006FE733 /* PaperSwitch */,
				D5FF3AB51AEFA65C006FE733 /* RSDayFlow */,
				D5FF3AC51AEFA65C006FE733 /* SupportKit */,
				D5FF3AE61AEFA68F006FE733 /* TOMSMorphingLabel */,
				D5FF3A9F1AEFA65C006FE733 /* Crashlytics.framework */,
			);
			path = "Third Party";
			sourceTree = "<group>";
		};
		D5FF3A9C1AEFA65C006FE733 /* AMPopTip */ = {
			isa = PBXGroup;
			children = (
				D5FF3A9D1AEFA65C006FE733 /* AMPopTip.h */,
				D5FF3A9E1AEFA65C006FE733 /* AMPopTip.m */,
			);
			path = AMPopTip;
			sourceTree = "<group>";
		};
		D5FF3AA01AEFA65C006FE733 /* LTMorphingLabel */ = {
			isa = PBXGroup;
			children = (
				D5FF3AA11AEFA65C006FE733 /* LTCharacterLimbo.swift */,
				D5FF3AA21AEFA65C006FE733 /* LTEasing.swift */,
				D5FF3AA31AEFA65C006FE733 /* LTEmitterView.swift */,
				D5FF3AA41AEFA65C006FE733 /* LTMorphingEffect.swift */,
				D5FF3AA51AEFA65C006FE733 /* LTMorphingLabel+Anvil.swift */,
				D5FF3AA61AEFA65C006FE733 /* LTMorphingLabel+Burn.swift */,
				D5FF3AA71AEFA65C006FE733 /* LTMorphingLabel+Evaporate.swift */,
				D5FF3AA81AEFA65C006FE733 /* LTMorphingLabel+Fall.swift */,
				D5FF3AA91AEFA65C006FE733 /* LTMorphingLabel+Pixelate.swift */,
				D5FF3AAA1AEFA65C006FE733 /* LTMorphingLabel+Sparkle.swift */,
				D5FF3AAB1AEFA65C006FE733 /* LTMorphingLabel.h */,
				D5FF3AAC1AEFA65C006FE733 /* LTMorphingLabel.swift */,
				D5FF3AAD1AEFA65C006FE733 /* NSString+LTMorphingLabel.swift */,
				D5FF3AAE1AEFA65C006FE733 /* Particles */,
			);
			path = LTMorphingLabel;
			sourceTree = "<group>";
		};
		D5FF3AAE1AEFA65C006FE733 /* Particles */ = {
			isa = PBXGroup;
			children = (
				D5FF3AAF1AEFA65C006FE733 /* Fire.png */,
				D5FF3AB01AEFA65C006FE733 /* Fragment.png */,
				D5FF3AB11AEFA65C006FE733 /* Smoke.png */,
				D5FF3AB21AEFA65C006FE733 /* Sparkle.png */,
			);
			path = Particles;
			sourceTree = "<group>";
		};
		D5FF3AB31AEFA65C006FE733 /* PaperSwitch */ = {
			isa = PBXGroup;
			children = (
				D5FF3AB41AEFA65C006FE733 /* RAMPaperSwitch.swift */,
			);
			path = PaperSwitch;
			sourceTree = "<group>";
		};
		D5FF3AB51AEFA65C006FE733 /* RSDayFlow */ = {
			isa = PBXGroup;
			children = (
				D5FF3AB61AEFA65C006FE733 /* NSCalendar+RSDFAdditions.h */,
				D5FF3AB71AEFA65C006FE733 /* NSCalendar+RSDFAdditions.m */,
				D5FF3AB81AEFA65C006FE733 /* RSDayFlow.h */,
				D5FF3AB91AEFA65C006FE733 /* RSDFDatePickerCollectionView.h */,
				D5FF3ABA1AEFA65C006FE733 /* RSDFDatePickerCollectionView.m */,
				D5FF3ABB1AEFA65C006FE733 /* RSDFDatePickerCollectionViewLayout.h */,
				D5FF3ABC1AEFA65C006FE733 /* RSDFDatePickerCollectionViewLayout.m */,
				D5FF3ABD1AEFA65C006FE733 /* RSDFDatePickerDayCell.h */,
				D5FF3ABE1AEFA65C006FE733 /* RSDFDatePickerDayCell.m */,
				D5FF3ABF1AEFA65C006FE733 /* RSDFDatePickerDaysOfWeekView.h */,
				D5FF3AC01AEFA65C006FE733 /* RSDFDatePickerDaysOfWeekView.m */,
				D5FF3AC11AEFA65C006FE733 /* RSDFDatePickerMonthHeader.h */,
				D5FF3AC21AEFA65C006FE733 /* RSDFDatePickerMonthHeader.m */,
				D5FF3AC31AEFA65C006FE733 /* RSDFDatePickerView.h */,
				D5FF3AC41AEFA65C006FE733 /* RSDFDatePickerView.m */,
			);
			path = RSDayFlow;
			sourceTree = "<group>";
		};
		D5FF3AC51AEFA65C006FE733 /* SupportKit */ = {
			isa = PBXGroup;
			children = (
				D5FF3AC61AEFA65C006FE733 /* SupportKit.bundle */,
				D5FF3AC71AEFA65C006FE733 /* SupportKit.framework */,
			);
			path = SupportKit;
			sourceTree = "<group>";
		};
		D5FF3AE61AEFA68F006FE733 /* TOMSMorphingLabel */ = {
			isa = PBXGroup;
			children = (
				D5FF3AE71AEFA68F006FE733 /* NSString+Morphing.h */,
				D5FF3AE81AEFA68F006FE733 /* NSString+Morphing.m */,
				D5FF3AE91AEFA68F006FE733 /* TOMSMorphingLabel.h */,
				D5FF3AEA1AEFA68F006FE733 /* TOMSMorphingLabel.m */,
			);
			path = TOMSMorphingLabel;
			sourceTree = "<group>";
		};
/* End PBXGroup section */

/* Begin PBXHeadersBuildPhase section */
		D56293341AE1DF9000FA1B3D /* Headers */ = {
			isa = PBXHeadersBuildPhase;
			buildActionMask = 2147483647;
			files = (
				D562933C1AE1DF9000FA1B3D /* TrashTimeShare.h in Headers */,
			);
			runOnlyForDeploymentPostprocessing = 0;
		};
/* End PBXHeadersBuildPhase section */

/* Begin PBXNativeTarget section */
		D54A90431AD5FA3B00528425 /* Trash Time */ = {
			isa = PBXNativeTarget;
			buildConfigurationList = D54A90631AD5FA3B00528425 /* Build configuration list for PBXNativeTarget "Trash Time" */;
			buildPhases = (
				D54A90401AD5FA3B00528425 /* Sources */,
				D54A90411AD5FA3B00528425 /* Frameworks */,
				D54A90421AD5FA3B00528425 /* Resources */,
				D55B58F41AD6AE820069BE0A /* Increment Build Number */,
				D55B594E1AD6B79B0069BE0A /* Crashlytics */,
				D56293291AE19EC000FA1B3D /* Embed App Extensions */,
				D56293531AE1DF9100FA1B3D /* Embed Frameworks */,
			);
			buildRules = (
			);
			dependencies = (
				D56293241AE19EBF00FA1B3D /* PBXTargetDependency */,
				D562934D1AE1DF9100FA1B3D /* PBXTargetDependency */,
			);
			name = "Trash Time";
			productName = "Trash Time";
			productReference = D54A90441AD5FA3B00528425 /* Trash Time.app */;
			productType = "com.apple.product-type.application";
		};
		D56293171AE19EBF00FA1B3D /* Today */ = {
			isa = PBXNativeTarget;
			buildConfigurationList = D56293261AE19EC000FA1B3D /* Build configuration list for PBXNativeTarget "Today" */;
			buildPhases = (
				D56293141AE19EBF00FA1B3D /* Sources */,
				D56293151AE19EBF00FA1B3D /* Frameworks */,
				D56293161AE19EBF00FA1B3D /* Resources */,
			);
			buildRules = (
			);
			dependencies = (
			);
			name = Today;
			productName = Today;
			productReference = D56293181AE19EBF00FA1B3D /* Today.appex */;
			productType = "com.apple.product-type.app-extension";
		};
		D56293361AE1DF9000FA1B3D /* TrashTimeShare */ = {
			isa = PBXNativeTarget;
			buildConfigurationList = D56293501AE1DF9100FA1B3D /* Build configuration list for PBXNativeTarget "TrashTimeShare" */;
			buildPhases = (
				D56293321AE1DF9000FA1B3D /* Sources */,
				D56293331AE1DF9000FA1B3D /* Frameworks */,
				D56293341AE1DF9000FA1B3D /* Headers */,
				D56293351AE1DF9000FA1B3D /* Resources */,
			);
			buildRules = (
			);
			dependencies = (
			);
			name = TrashTimeShare;
			productName = TrashTimeShare;
			productReference = D56293371AE1DF9000FA1B3D /* TrashTimeShare.framework */;
			productType = "com.apple.product-type.framework";
		};
/* End PBXNativeTarget section */

/* Begin PBXProject section */
		D54A903C1AD5FA3B00528425 /* Project object */ = {
			isa = PBXProject;
			attributes = {
				LastUpgradeCheck = 0630;
				ORGANIZATIONNAME = "Simple Ink";
				TargetAttributes = {
					D54A90431AD5FA3B00528425 = {
						CreatedOnToolsVersion = 6.3;
						DevelopmentTeam = U2KGL647XP;
						SystemCapabilities = {
							com.apple.ApplicationGroups.iOS = {
								enabled = 1;
							};
							com.apple.BackgroundModes = {
								enabled = 1;
							};
						};
					};
					D56293171AE19EBF00FA1B3D = {
						CreatedOnToolsVersion = 6.3;
						DevelopmentTeam = U2KGL647XP;
						SystemCapabilities = {
							com.apple.ApplicationGroups.iOS = {
								enabled = 1;
							};
						};
					};
					D56293361AE1DF9000FA1B3D = {
						CreatedOnToolsVersion = 6.3;
						DevelopmentTeam = U2KGL647XP;
					};
				};
			};
			buildConfigurationList = D54A903F1AD5FA3B00528425 /* Build configuration list for PBXProject "Trash Time" */;
			compatibilityVersion = "Xcode 3.2";
			developmentRegion = English;
			hasScannedForEncodings = 0;
			knownRegions = (
				en,
				Base,
			);
			mainGroup = D54A903B1AD5FA3B00528425;
			productRefGroup = D54A90451AD5FA3B00528425 /* Products */;
			projectDirPath = "";
			projectRoot = "";
			targets = (
				D54A90431AD5FA3B00528425 /* Trash Time */,
				D56293171AE19EBF00FA1B3D /* Today */,
				D56293361AE1DF9000FA1B3D /* TrashTimeShare */,
			);
		};
/* End PBXProject section */

/* Begin PBXResourcesBuildPhase section */
		D54A90421AD5FA3B00528425 /* Resources */ = {
			isa = PBXResourcesBuildPhase;
			buildActionMask = 2147483647;
			files = (
				D5FF3AD71AEFA65C006FE733 /* Fragment.png in Resources */,
				D54A904F1AD5FA3B00528425 /* Main.storyboard in Resources */,
				D5FF3AD61AEFA65C006FE733 /* Fire.png in Resources */,
				D54A90541AD5FA3B00528425 /* LaunchScreen.xib in Resources */,
				D54A90511AD5FA3B00528425 /* Images.xcassets in Resources */,
				D5FF3AD91AEFA65C006FE733 /* Sparkle.png in Resources */,
				D5FF3AE21AEFA65C006FE733 /* SupportKit.bundle in Resources */,
				D5FF3AD81AEFA65C006FE733 /* Smoke.png in Resources */,
			);
			runOnlyForDeploymentPostprocessing = 0;
		};
		D56293161AE19EBF00FA1B3D /* Resources */ = {
			isa = PBXResourcesBuildPhase;
			buildActionMask = 2147483647;
			files = (
				D56293221AE19EBF00FA1B3D /* MainInterface.storyboard in Resources */,
				D562932B1AE1A37A00FA1B3D /* Images.xcassets in Resources */,
			);
			runOnlyForDeploymentPostprocessing = 0;
		};
		D56293351AE1DF9000FA1B3D /* Resources */ = {
			isa = PBXResourcesBuildPhase;
			buildActionMask = 2147483647;
			files = (
			);
			runOnlyForDeploymentPostprocessing = 0;
		};
/* End PBXResourcesBuildPhase section */

/* Begin PBXShellScriptBuildPhase section */
		D55B58F41AD6AE820069BE0A /* Increment Build Number */ = {
			isa = PBXShellScriptBuildPhase;
			buildActionMask = 2147483647;
			files = (
			);
			inputPaths = (
			);
			name = "Increment Build Number";
			outputPaths = (
			);
			runOnlyForDeploymentPostprocessing = 0;
			shellPath = /bin/sh;
			shellScript = "#!/bin/sh\n\nplist=$INFOPLIST_FILE\ndir=\"$(dirname \"$plist\")\"\n\n# Only increment the build number if source files have changed\nif [ -n \"$(find \"$dir\" \\! -path \"*xcuserdata*\" \\! -path \"*.git\" -newer \"$plist\")\" ]; then\nbuildnum=$(/usr/libexec/Plistbuddy -c \"Print CFBundleVersion\" \"$plist\")\nif [ -z \"$buildnum\" ]; then\necho \"No build number in $plist\"\nexit 2\nfi\nbuildnum=$(expr $buildnum + 1)\n/usr/libexec/Plistbuddy -c \"Set CFBundleVersion $buildnum\" \"$plist\"\necho \"Incremented build number to $buildnum\"\nelse\necho \"Not incrementing build number as source files have not changed\"\nfi";
		};
		D55B594E1AD6B79B0069BE0A /* Crashlytics */ = {
			isa = PBXShellScriptBuildPhase;
			buildActionMask = 2147483647;
			files = (
			);
			inputPaths = (
			);
			name = Crashlytics;
			outputPaths = (
			);
			runOnlyForDeploymentPostprocessing = 0;
			shellPath = /bin/sh;
			shellScript = "./Crashlytics.framework/run 28c8692e863cd8d9f1f9575ab4245e49da550d33 6adeeeb04539332d148e32018601616ff797b1d7cf2ff80868b47d1efbdc7fb0";
		};
/* End PBXShellScriptBuildPhase section */

/* Begin PBXSourcesBuildPhase section */
		D54A90401AD5FA3B00528425 /* Sources */ = {
			isa = PBXSourcesBuildPhase;
			buildActionMask = 2147483647;
			files = (
				D5FF3ACD1AEFA65C006FE733 /* LTMorphingEffect.swift in Sources */,
				D5FF3AD41AEFA65C006FE733 /* LTMorphingLabel.swift in Sources */,
				D5FF3ACA1AEFA65C006FE733 /* LTCharacterLimbo.swift in Sources */,
				D5FF3AD01AEFA65C006FE733 /* LTMorphingLabel+Evaporate.swift in Sources */,
				D5FF3AEB1AEFA68F006FE733 /* NSString+Morphing.m in Sources */,
				D5FF3ADC1AEFA65C006FE733 /* RSDFDatePickerCollectionView.m in Sources */,
				D5FF3AE11AEFA65C006FE733 /* RSDFDatePickerView.m in Sources */,
				D54A904C1AD5FA3B00528425 /* ViewController.swift in Sources */,
				D55B58FF1AD6B0080069BE0A /* SetupController.swift in Sources */,
				D54A904A1AD5FA3B00528425 /* AppDelegate.swift in Sources */,
				D5FF3AE01AEFA65C006FE733 /* RSDFDatePickerMonthHeader.m in Sources */,
				D5FF3AD11AEFA65C006FE733 /* LTMorphingLabel+Fall.swift in Sources */,
				D5FF3ADB1AEFA65C006FE733 /* NSCalendar+RSDFAdditions.m in Sources */,
				D5FF3ADA1AEFA65C006FE733 /* RAMPaperSwitch.swift in Sources */,
				D55B58F61AD6AF610069BE0A /* SettingsTableViewController.swift in Sources */,
				D5FF3ACC1AEFA65C006FE733 /* LTEmitterView.swift in Sources */,
				D5E2C69E1AE6D3ED001B532E /* Notifications.swift in Sources */,
				D5FF3ACB1AEFA65C006FE733 /* LTEasing.swift in Sources */,
				D5FF3ADF1AEFA65C006FE733 /* RSDFDatePickerDaysOfWeekView.m in Sources */,
				D5FF3AEC1AEFA68F006FE733 /* TOMSMorphingLabel.m in Sources */,
				D5FF3AD51AEFA65C006FE733 /* NSString+LTMorphingLabel.swift in Sources */,
				D5FF3AD31AEFA65C006FE733 /* LTMorphingLabel+Sparkle.swift in Sources */,
				D5FF3AD21AEFA65C006FE733 /* LTMorphingLabel+Pixelate.swift in Sources */,
				D5FF3ACF1AEFA65C006FE733 /* LTMorphingLabel+Burn.swift in Sources */,
				D5FF3AC81AEFA65C006FE733 /* AMPopTip.m in Sources */,
				D5B41D791ADD81FD00E56477 /* DebugTableViewController.swift in Sources */,
				D5FF3ACE1AEFA65C006FE733 /* LTMorphingLabel+Anvil.swift in Sources */,
				D5FF3ADE1AEFA65C006FE733 /* RSDFDatePickerDayCell.m in Sources */,
				D5FF3ADD1AEFA65C006FE733 /* RSDFDatePickerCollectionViewLayout.m in Sources */,
			);
			runOnlyForDeploymentPostprocessing = 0;
		};
		D56293141AE19EBF00FA1B3D /* Sources */ = {
			isa = PBXSourcesBuildPhase;
			buildActionMask = 2147483647;
			files = (
				D56293201AE19EBF00FA1B3D /* TodayViewController.swift in Sources */,
			);
			runOnlyForDeploymentPostprocessing = 0;
		};
		D56293321AE1DF9000FA1B3D /* Sources */ = {
			isa = PBXSourcesBuildPhase;
			buildActionMask = 2147483647;
			files = (
				D56293571AE1DFBC00FA1B3D /* Logic.swift in Sources */,
				D56293591AE1E8DF00FA1B3D /* Theme.swift in Sources */,
			);
			runOnlyForDeploymentPostprocessing = 0;
		};
/* End PBXSourcesBuildPhase section */

/* Begin PBXTargetDependency section */
		D56293241AE19EBF00FA1B3D /* PBXTargetDependency */ = {
			isa = PBXTargetDependency;
			target = D56293171AE19EBF00FA1B3D /* Today */;
			targetProxy = D56293231AE19EBF00FA1B3D /* PBXContainerItemProxy */;
		};
		D562934D1AE1DF9100FA1B3D /* PBXTargetDependency */ = {
			isa = PBXTargetDependency;
			target = D56293361AE1DF9000FA1B3D /* TrashTimeShare */;
			targetProxy = D562934C1AE1DF9100FA1B3D /* PBXContainerItemProxy */;
		};
/* End PBXTargetDependency section */

/* Begin PBXVariantGroup section */
		D54A904D1AD5FA3B00528425 /* Main.storyboard */ = {
			isa = PBXVariantGroup;
			children = (
				D54A904E1AD5FA3B00528425 /* Base */,
			);
			name = Main.storyboard;
			sourceTree = "<group>";
		};
		D54A90521AD5FA3B00528425 /* LaunchScreen.xib */ = {
			isa = PBXVariantGroup;
			children = (
				D54A90531AD5FA3B00528425 /* Base */,
			);
			name = LaunchScreen.xib;
			sourceTree = "<group>";
		};
/* End PBXVariantGroup section */

/* Begin XCBuildConfiguration section */
		D54A90611AD5FA3B00528425 /* Debug */ = {
			isa = XCBuildConfiguration;
			buildSettings = {
				ALWAYS_SEARCH_USER_PATHS = NO;
				CLANG_CXX_LANGUAGE_STANDARD = "gnu++0x";
				CLANG_CXX_LIBRARY = "libc++";
				CLANG_ENABLE_MODULES = YES;
				CLANG_ENABLE_OBJC_ARC = YES;
				CLANG_WARN_BOOL_CONVERSION = YES;
				CLANG_WARN_CONSTANT_CONVERSION = YES;
				CLANG_WARN_DIRECT_OBJC_ISA_USAGE = YES_ERROR;
				CLANG_WARN_EMPTY_BODY = YES;
				CLANG_WARN_ENUM_CONVERSION = YES;
				CLANG_WARN_INT_CONVERSION = YES;
				CLANG_WARN_OBJC_ROOT_CLASS = YES_ERROR;
				CLANG_WARN_UNREACHABLE_CODE = YES;
				CLANG_WARN__DUPLICATE_METHOD_MATCH = YES;
				CODE_SIGN_IDENTITY = "iPhone Developer";
				COPY_PHASE_STRIP = NO;
				DEBUG_INFORMATION_FORMAT = "dwarf-with-dsym";
				ENABLE_STRICT_OBJC_MSGSEND = YES;
				GCC_C_LANGUAGE_STANDARD = gnu99;
				GCC_DYNAMIC_NO_PIC = NO;
				GCC_NO_COMMON_BLOCKS = YES;
				GCC_OPTIMIZATION_LEVEL = 0;
				GCC_PREPROCESSOR_DEFINITIONS = (
					"DEBUG=1",
					"$(inherited)",
				);
				GCC_SYMBOLS_PRIVATE_EXTERN = NO;
				GCC_WARN_64_TO_32_BIT_CONVERSION = YES;
				GCC_WARN_ABOUT_RETURN_TYPE = YES_ERROR;
				GCC_WARN_UNDECLARED_SELECTOR = YES;
				GCC_WARN_UNINITIALIZED_AUTOS = YES_AGGRESSIVE;
				GCC_WARN_UNUSED_FUNCTION = YES;
				GCC_WARN_UNUSED_VARIABLE = YES;
				IPHONEOS_DEPLOYMENT_TARGET = 8.3;
				MTL_ENABLE_DEBUG_INFO = YES;
				ONLY_ACTIVE_ARCH = YES;
				SDKROOT = iphoneos;
				SWIFT_OBJC_BRIDGING_HEADER = "";
				SWIFT_OPTIMIZATION_LEVEL = "-Onone";
			};
			name = Debug;
		};
		D54A90621AD5FA3B00528425 /* Release */ = {
			isa = XCBuildConfiguration;
			buildSettings = {
				ALWAYS_SEARCH_USER_PATHS = NO;
				CLANG_CXX_LANGUAGE_STANDARD = "gnu++0x";
				CLANG_CXX_LIBRARY = "libc++";
				CLANG_ENABLE_MODULES = YES;
				CLANG_ENABLE_OBJC_ARC = YES;
				CLANG_WARN_BOOL_CONVERSION = YES;
				CLANG_WARN_CONSTANT_CONVERSION = YES;
				CLANG_WARN_DIRECT_OBJC_ISA_USAGE = YES_ERROR;
				CLANG_WARN_EMPTY_BODY = YES;
				CLANG_WARN_ENUM_CONVERSION = YES;
				CLANG_WARN_INT_CONVERSION = YES;
				CLANG_WARN_OBJC_ROOT_CLASS = YES_ERROR;
				CLANG_WARN_UNREACHABLE_CODE = YES;
				CLANG_WARN__DUPLICATE_METHOD_MATCH = YES;
				CODE_SIGN_IDENTITY = "iPhone Distribution: Simple Ink";
				COPY_PHASE_STRIP = NO;
				DEBUG_INFORMATION_FORMAT = "dwarf-with-dsym";
				ENABLE_NS_ASSERTIONS = NO;
				ENABLE_STRICT_OBJC_MSGSEND = YES;
				GCC_C_LANGUAGE_STANDARD = gnu99;
				GCC_NO_COMMON_BLOCKS = YES;
				GCC_WARN_64_TO_32_BIT_CONVERSION = YES;
				GCC_WARN_ABOUT_RETURN_TYPE = YES_ERROR;
				GCC_WARN_UNDECLARED_SELECTOR = YES;
				GCC_WARN_UNINITIALIZED_AUTOS = YES_AGGRESSIVE;
				GCC_WARN_UNUSED_FUNCTION = YES;
				GCC_WARN_UNUSED_VARIABLE = YES;
				IPHONEOS_DEPLOYMENT_TARGET = 8.3;
				MTL_ENABLE_DEBUG_INFO = NO;
				SDKROOT = iphoneos;
				SWIFT_OBJC_BRIDGING_HEADER = "";
				VALIDATE_PRODUCT = YES;
			};
			name = Release;
		};
		D54A90641AD5FA3B00528425 /* Debug */ = {
			isa = XCBuildConfiguration;
			buildSettings = {
				ASSETCATALOG_COMPILER_APPICON_NAME = AppIcon;
				CODE_SIGN_ENTITLEMENTS = "Trash Time/Trash Time.entitlements";
				CODE_SIGN_IDENTITY = "iPhone Developer";
				EMBEDDED_CONTENT_CONTAINS_SWIFT = YES;
				FRAMEWORK_SEARCH_PATHS = (
					"$(inherited)",
					"$(PROJECT_DIR)/Trash\\ Time/Third\\ Party/**",
					"$(PROJECT_DIR)/Third",
					Party,
					"$(PROJECT_DIR)/Third",
					Party/SupportKit,
					"$(PROJECT_DIR)/Third",
					Party,
					"$(PROJECT_DIR)/Third",
					Party/SupportKit,
					"$(PROJECT_DIR)/Third",
					Party,
					"$(PROJECT_DIR)/Third",
					Party/SupportKit,
					"$(PROJECT_DIR)/Third",
					Party,
					"$(PROJECT_DIR)/Third",
					Party/SupportKit,
					"$(PROJECT_DIR)/Third",
					Party,
					"$(PROJECT_DIR)/Third",
					Party/SupportKit,
					"$(PROJECT_DIR)/Third",
					Party,
					"$(PROJECT_DIR)/Third",
					Party/SupportKit,
					"$(PROJECT_DIR)/Third",
					Party,
					"$(PROJECT_DIR)/Third",
					Party/SupportKit,
				);
				INFOPLIST_FILE = "Trash Time/Info.plist";
				IPHONEOS_DEPLOYMENT_TARGET = 8.0;
				LD_RUNPATH_SEARCH_PATHS = "$(inherited) @executable_path/Frameworks";
				PRODUCT_NAME = "$(TARGET_NAME)";
				PROVISIONING_PROFILE = "";
				SWIFT_OBJC_BRIDGING_HEADER = "Trash Time/BridgingHeader.h";
			};
			name = Debug;
		};
		D54A90651AD5FA3B00528425 /* Release */ = {
			isa = XCBuildConfiguration;
			buildSettings = {
				ASSETCATALOG_COMPILER_APPICON_NAME = AppIcon;
				CODE_SIGN_ENTITLEMENTS = "Trash Time/Trash Time.entitlements";
				CODE_SIGN_IDENTITY = "iPhone Distribution: Simple Ink";
				EMBEDDED_CONTENT_CONTAINS_SWIFT = YES;
				FRAMEWORK_SEARCH_PATHS = (
					"$(inherited)",
					"$(PROJECT_DIR)/Trash\\ Time/Third\\ Party/**",
					"$(PROJECT_DIR)/Third",
					Party,
					"$(PROJECT_DIR)/Third",
					Party/SupportKit,
					"$(PROJECT_DIR)/Third",
					Party,
					"$(PROJECT_DIR)/Third",
					Party/SupportKit,
					"$(PROJECT_DIR)/Third",
					Party,
					"$(PROJECT_DIR)/Third",
					Party/SupportKit,
					"$(PROJECT_DIR)/Third",
					Party,
					"$(PROJECT_DIR)/Third",
					Party/SupportKit,
					"$(PROJECT_DIR)/Third",
					Party,
					"$(PROJECT_DIR)/Third",
					Party/SupportKit,
					"$(PROJECT_DIR)/Third",
					Party,
					"$(PROJECT_DIR)/Third",
					Party/SupportKit,
					"$(PROJECT_DIR)/Third",
					Party,
					"$(PROJECT_DIR)/Third",
					Party/SupportKit,
				);
				INFOPLIST_FILE = "Trash Time/Info.plist";
				IPHONEOS_DEPLOYMENT_TARGET = 8.0;
				LD_RUNPATH_SEARCH_PATHS = "$(inherited) @executable_path/Frameworks";
				PRODUCT_NAME = "$(TARGET_NAME)";
				PROVISIONING_PROFILE = "";
				SWIFT_OBJC_BRIDGING_HEADER = "Trash Time/BridgingHeader.h";
			};
			name = Release;
		};
		D56293271AE19EC000FA1B3D /* Debug */ = {
			isa = XCBuildConfiguration;
			buildSettings = {
				CODE_SIGN_ENTITLEMENTS = Today/Today.entitlements;
				CODE_SIGN_IDENTITY = "iPhone Developer";
				GCC_PREPROCESSOR_DEFINITIONS = (
					"DEBUG=1",
					"$(inherited)",
				);
				INFOPLIST_FILE = Today/Info.plist;
				IPHONEOS_DEPLOYMENT_TARGET = 8.0;
				LD_RUNPATH_SEARCH_PATHS = "$(inherited) @executable_path/Frameworks @executable_path/../../Frameworks";
				PRODUCT_NAME = "$(TARGET_NAME)";
				PROVISIONING_PROFILE = "";
				SKIP_INSTALL = YES;
			};
			name = Debug;
		};
		D56293281AE19EC000FA1B3D /* Release */ = {
			isa = XCBuildConfiguration;
			buildSettings = {
				CODE_SIGN_ENTITLEMENTS = Today/Today.entitlements;
				CODE_SIGN_IDENTITY = "iPhone Distribution: Simple Ink";
				INFOPLIST_FILE = Today/Info.plist;
				IPHONEOS_DEPLOYMENT_TARGET = 8.0;
				LD_RUNPATH_SEARCH_PATHS = "$(inherited) @executable_path/Frameworks @executable_path/../../Frameworks";
				PRODUCT_NAME = "$(TARGET_NAME)";
				PROVISIONING_PROFILE = "";
				SKIP_INSTALL = YES;
			};
			name = Release;
		};
		D56293511AE1DF9100FA1B3D /* Debug */ = {
			isa = XCBuildConfiguration;
			buildSettings = {
				APPLICATION_EXTENSION_API_ONLY = YES;
				CODE_SIGN_IDENTITY = "iPhone Developer";
				CURRENT_PROJECT_VERSION = 1;
				DEFINES_MODULE = YES;
				DYLIB_COMPATIBILITY_VERSION = 1;
				DYLIB_CURRENT_VERSION = 1;
				DYLIB_INSTALL_NAME_BASE = "@rpath";
				FRAMEWORK_SEARCH_PATHS = (
					"$(inherited)",
					"$(PROJECT_DIR)/Third",
					Party,
				);
				GCC_PREPROCESSOR_DEFINITIONS = (
					"DEBUG=1",
					"$(inherited)",
				);
				INFOPLIST_FILE = TrashTimeShare/Info.plist;
				INSTALL_PATH = "$(LOCAL_LIBRARY_DIR)/Frameworks";
				IPHONEOS_DEPLOYMENT_TARGET = 8.0;
				LD_RUNPATH_SEARCH_PATHS = "$(inherited) @executable_path/Frameworks @loader_path/Frameworks";
				PRODUCT_NAME = "$(TARGET_NAME)";
				SKIP_INSTALL = YES;
				TARGETED_DEVICE_FAMILY = "1,2";
				VERSIONING_SYSTEM = "apple-generic";
				VERSION_INFO_PREFIX = "";
			};
			name = Debug;
		};
		D56293521AE1DF9100FA1B3D /* Release */ = {
			isa = XCBuildConfiguration;
			buildSettings = {
				APPLICATION_EXTENSION_API_ONLY = YES;
				CODE_SIGN_IDENTITY = "iPhone Distribution: Simple Ink";
				CURRENT_PROJECT_VERSION = 1;
				DEFINES_MODULE = YES;
				DYLIB_COMPATIBILITY_VERSION = 1;
				DYLIB_CURRENT_VERSION = 1;
				DYLIB_INSTALL_NAME_BASE = "@rpath";
				FRAMEWORK_SEARCH_PATHS = (
					"$(inherited)",
					"$(PROJECT_DIR)/Third",
					Party,
				);
				INFOPLIST_FILE = TrashTimeShare/Info.plist;
				INSTALL_PATH = "$(LOCAL_LIBRARY_DIR)/Frameworks";
				IPHONEOS_DEPLOYMENT_TARGET = 8.0;
				LD_RUNPATH_SEARCH_PATHS = "$(inherited) @executable_path/Frameworks @loader_path/Frameworks";
				PRODUCT_NAME = "$(TARGET_NAME)";
				SKIP_INSTALL = YES;
				TARGETED_DEVICE_FAMILY = "1,2";
				VERSIONING_SYSTEM = "apple-generic";
				VERSION_INFO_PREFIX = "";
			};
			name = Release;
		};
/* End XCBuildConfiguration section */

/* Begin XCConfigurationList section */
		D54A903F1AD5FA3B00528425 /* Build configuration list for PBXProject "Trash Time" */ = {
			isa = XCConfigurationList;
			buildConfigurations = (
				D54A90611AD5FA3B00528425 /* Debug */,
				D54A90621AD5FA3B00528425 /* Release */,
			);
			defaultConfigurationIsVisible = 0;
			defaultConfigurationName = Release;
		};
		D54A90631AD5FA3B00528425 /* Build configuration list for PBXNativeTarget "Trash Time" */ = {
			isa = XCConfigurationList;
			buildConfigurations = (
				D54A90641AD5FA3B00528425 /* Debug */,
				D54A90651AD5FA3B00528425 /* Release */,
			);
			defaultConfigurationIsVisible = 0;
			defaultConfigurationName = Release;
		};
		D56293261AE19EC000FA1B3D /* Build configuration list for PBXNativeTarget "Today" */ = {
			isa = XCConfigurationList;
			buildConfigurations = (
				D56293271AE19EC000FA1B3D /* Debug */,
				D56293281AE19EC000FA1B3D /* Release */,
			);
			defaultConfigurationIsVisible = 0;
			defaultConfigurationName = Release;
		};
		D56293501AE1DF9100FA1B3D /* Build configuration list for PBXNativeTarget "TrashTimeShare" */ = {
			isa = XCConfigurationList;
			buildConfigurations = (
				D56293511AE1DF9100FA1B3D /* Debug */,
				D56293521AE1DF9100FA1B3D /* Release */,
			);
			defaultConfigurationIsVisible = 0;
			defaultConfigurationName = Release;
		};
/* End XCConfigurationList section */
	};
	rootObject = D54A903C1AD5FA3B00528425 /* Project object */;
}
